// !$*UTF8*$!
{
	archiveVersion = 1;
	classes = {
	};
	objectVersion = 50;
	objects = {

/* Begin PBXBuildFile section */
		9EC6D06A238D6F7A00E69F68 /* AppDelegate.swift in Sources */ = {isa = PBXBuildFile; fileRef = 9EC6D069238D6F7A00E69F68 /* AppDelegate.swift */; };
		9EC6D06C238D6F7A00E69F68 /* SceneDelegate.swift in Sources */ = {isa = PBXBuildFile; fileRef = 9EC6D06B238D6F7A00E69F68 /* SceneDelegate.swift */; };
		9EC6D06F238D6F7A00E69F68 /* Spork_13_004.xcdatamodeld in Sources */ = {isa = PBXBuildFile; fileRef = 9EC6D06D238D6F7A00E69F68 /* Spork_13_004.xcdatamodeld */; };
		9EC6D071238D6F7A00E69F68 /* ContentView.swift in Sources */ = {isa = PBXBuildFile; fileRef = 9EC6D070238D6F7A00E69F68 /* ContentView.swift */; };
		9EC6D073238D6F7C00E69F68 /* Assets.xcassets in Resources */ = {isa = PBXBuildFile; fileRef = 9EC6D072238D6F7C00E69F68 /* Assets.xcassets */; };
		9EC6D076238D6F7C00E69F68 /* Preview Assets.xcassets in Resources */ = {isa = PBXBuildFile; fileRef = 9EC6D075238D6F7C00E69F68 /* Preview Assets.xcassets */; };
		9EC6D079238D6F7C00E69F68 /* LaunchScreen.storyboard in Resources */ = {isa = PBXBuildFile; fileRef = 9EC6D077238D6F7C00E69F68 /* LaunchScreen.storyboard */; };
/* End PBXBuildFile section */

/* Begin PBXFileReference section */
		9EC6D066238D6F7A00E69F68 /* EventLogger.app */ = {isa = PBXFileReference; explicitFileType = wrapper.application; includeInIndex = 0; path = EventLogger.app; sourceTree = BUILT_PRODUCTS_DIR; };
		9EC6D069238D6F7A00E69F68 /* AppDelegate.swift */ = {isa = PBXFileReference; lastKnownFileType = sourcecode.swift; path = AppDelegate.swift; sourceTree = "<group>"; };
		9EC6D06B238D6F7A00E69F68 /* SceneDelegate.swift */ = {isa = PBXFileReference; lastKnownFileType = sourcecode.swift; path = SceneDelegate.swift; sourceTree = "<group>"; };
		9EC6D06E238D6F7A00E69F68 /* Spork_13_004.xcdatamodel */ = {isa = PBXFileReference; lastKnownFileType = wrapper.xcdatamodel; path = Spork_13_004.xcdatamodel; sourceTree = "<group>"; };
		9EC6D070238D6F7A00E69F68 /* ContentView.swift */ = {isa = PBXFileReference; lastKnownFileType = sourcecode.swift; path = ContentView.swift; sourceTree = "<group>"; };
		9EC6D072238D6F7C00E69F68 /* Assets.xcassets */ = {isa = PBXFileReference; lastKnownFileType = folder.assetcatalog; path = Assets.xcassets; sourceTree = "<group>"; };
		9EC6D075238D6F7C00E69F68 /* Preview Assets.xcassets */ = {isa = PBXFileReference; lastKnownFileType = folder.assetcatalog; path = "Preview Assets.xcassets"; sourceTree = "<group>"; };
		9EC6D078238D6F7C00E69F68 /* Base */ = {isa = PBXFileReference; lastKnownFileType = file.storyboard; name = Base; path = Base.lproj/LaunchScreen.storyboard; sourceTree = "<group>"; };
		9EC6D07A238D6F7C00E69F68 /* Info.plist */ = {isa = PBXFileReference; lastKnownFileType = text.plist.xml; path = Info.plist; sourceTree = "<group>"; };
/* End PBXFileReference section */

/* Begin PBXFrameworksBuildPhase section */
		9EC6D063238D6F7A00E69F68 /* Frameworks */ = {
			isa = PBXFrameworksBuildPhase;
			buildActionMask = 2147483647;
			files = (
			);
			runOnlyForDeploymentPostprocessing = 0;
		};
/* End PBXFrameworksBuildPhase section */

/* Begin PBXGroup section */
		9EC6D05D238D6F7A00E69F68 = {
			isa = PBXGroup;
			children = (
				9EC6D068238D6F7A00E69F68 /* Spork_13_004 */,
				9EC6D067238D6F7A00E69F68 /* Products */,
			);
			sourceTree = "<group>";
		};
		9EC6D067238D6F7A00E69F68 /* Products */ = {
			isa = PBXGroup;
			children = (
				9EC6D066238D6F7A00E69F68 /* EventLogger.app */,
			);
			name = Products;
			sourceTree = "<group>";
		};
		9EC6D068238D6F7A00E69F68 /* Spork_13_004 */ = {
			isa = PBXGroup;
			children = (
				9EC6D069238D6F7A00E69F68 /* AppDelegate.swift */,
				9EC6D06B238D6F7A00E69F68 /* SceneDelegate.swift */,
				9EC6D070238D6F7A00E69F68 /* ContentView.swift */,
				9EC6D072238D6F7C00E69F68 /* Assets.xcassets */,
				9EC6D077238D6F7C00E69F68 /* LaunchScreen.storyboard */,
				9EC6D07A238D6F7C00E69F68 /* Info.plist */,
				9EC6D06D238D6F7A00E69F68 /* Spork_13_004.xcdatamodeld */,
				9EC6D074238D6F7C00E69F68 /* Preview Content */,
			);
			path = Spork_13_004;
			sourceTree = "<group>";
		};
		9EC6D074238D6F7C00E69F68 /* Preview Content */ = {
			isa = PBXGroup;
			children = (
				9EC6D075238D6F7C00E69F68 /* Preview Assets.xcassets */,
			);
			path = "Preview Content";
			sourceTree = "<group>";
		};
/* End PBXGroup section */

/* Begin PBXNativeTarget section */
		9EC6D065238D6F7A00E69F68 /* Spork_13_004 */ = {
			isa = PBXNativeTarget;
			buildConfigurationList = 9EC6D07D238D6F7C00E69F68 /* Build configuration list for PBXNativeTarget "Spork_13_004" */;
			buildPhases = (
				9EC6D062238D6F7A00E69F68 /* Sources */,
				9EC6D063238D6F7A00E69F68 /* Frameworks */,
				9EC6D064238D6F7A00E69F68 /* Resources */,
				9EC6D081238D714E00E69F68 /* ShellScript */,
			);
			buildRules = (
			);
			dependencies = (
			);
			name = Spork_13_004;
			productName = Spork_13_004;
			productReference = 9EC6D066238D6F7A00E69F68 /* EventLogger.app */;
			productType = "com.apple.product-type.application";
		};
/* End PBXNativeTarget section */

/* Begin PBXProject section */
		9EC6D05E238D6F7A00E69F68 /* Project object */ = {
			isa = PBXProject;
			attributes = {
				LastSwiftUpdateCheck = 1120;
				LastUpgradeCheck = 1120;
				ORGANIZATIONNAME = "Zachary Hagman";
				TargetAttributes = {
					9EC6D065238D6F7A00E69F68 = {
						CreatedOnToolsVersion = 11.2.1;
					};
				};
			};
			buildConfigurationList = 9EC6D061238D6F7A00E69F68 /* Build configuration list for PBXProject "Spork_13_004" */;
			compatibilityVersion = "Xcode 9.3";
			developmentRegion = en;
			hasScannedForEncodings = 0;
			knownRegions = (
				en,
				Base,
			);
			mainGroup = 9EC6D05D238D6F7A00E69F68;
			productRefGroup = 9EC6D067238D6F7A00E69F68 /* Products */;
			projectDirPath = "";
			projectRoot = "";
			targets = (
				9EC6D065238D6F7A00E69F68 /* Spork_13_004 */,
			);
		};
/* End PBXProject section */

/* Begin PBXResourcesBuildPhase section */
		9EC6D064238D6F7A00E69F68 /* Resources */ = {
			isa = PBXResourcesBuildPhase;
			buildActionMask = 2147483647;
			files = (
				9EC6D079238D6F7C00E69F68 /* LaunchScreen.storyboard in Resources */,
				9EC6D076238D6F7C00E69F68 /* Preview Assets.xcassets in Resources */,
				9EC6D073238D6F7C00E69F68 /* Assets.xcassets in Resources */,
			);
			runOnlyForDeploymentPostprocessing = 0;
		};
/* End PBXResourcesBuildPhase section */

/* Begin PBXShellScriptBuildPhase section */
		9EC6D081238D714E00E69F68 /* ShellScript */ = {
			isa = PBXShellScriptBuildPhase;
			buildActionMask = 2147483647;
			files = (
			);
			inputFileListPaths = (
			);
			inputPaths = (
			);
			outputFileListPaths = (
			);
			outputPaths = (
			);
			runOnlyForDeploymentPostprocessing = 0;
			shellPath = /bin/sh;
			shellScript = "agvtool next-version -all\n";
		};
/* End PBXShellScriptBuildPhase section */

/* Begin PBXSourcesBuildPhase section */
		9EC6D062238D6F7A00E69F68 /* Sources */ = {
			isa = PBXSourcesBuildPhase;
			buildActionMask = 2147483647;
			files = (
				9EC6D06A238D6F7A00E69F68 /* AppDelegate.swift in Sources */,
				9EC6D06C238D6F7A00E69F68 /* SceneDelegate.swift in Sources */,
				9EC6D071238D6F7A00E69F68 /* ContentView.swift in Sources */,
				9EC6D06F238D6F7A00E69F68 /* Spork_13_004.xcdatamodeld in Sources */,
			);
			runOnlyForDeploymentPostprocessing = 0;
		};
/* End PBXSourcesBuildPhase section */

/* Begin PBXVariantGroup section */
		9EC6D077238D6F7C00E69F68 /* LaunchScreen.storyboard */ = {
			isa = PBXVariantGroup;
			children = (
				9EC6D078238D6F7C00E69F68 /* Base */,
			);
			name = LaunchScreen.storyboard;
			sourceTree = "<group>";
		};
/* End PBXVariantGroup section */

/* Begin XCBuildConfiguration section */
		9EC6D07B238D6F7C00E69F68 /* Debug */ = {
			isa = XCBuildConfiguration;
			buildSettings = {
				ALWAYS_SEARCH_USER_PATHS = NO;
				CLANG_ANALYZER_NONNULL = YES;
				CLANG_ANALYZER_NUMBER_OBJECT_CONVERSION = YES_AGGRESSIVE;
				CLANG_CXX_LANGUAGE_STANDARD = "gnu++14";
				CLANG_CXX_LIBRARY = "libc++";
				CLANG_ENABLE_MODULES = YES;
				CLANG_ENABLE_OBJC_ARC = YES;
				CLANG_ENABLE_OBJC_WEAK = YES;
				CLANG_WARN_BLOCK_CAPTURE_AUTORELEASING = YES;
				CLANG_WARN_BOOL_CONVERSION = YES;
				CLANG_WARN_COMMA = YES;
				CLANG_WARN_CONSTANT_CONVERSION = YES;
				CLANG_WARN_DEPRECATED_OBJC_IMPLEMENTATIONS = YES;
				CLANG_WARN_DIRECT_OBJC_ISA_USAGE = YES_ERROR;
				CLANG_WARN_DOCUMENTATION_COMMENTS = YES;
				CLANG_WARN_EMPTY_BODY = YES;
				CLANG_WARN_ENUM_CONVERSION = YES;
				CLANG_WARN_INFINITE_RECURSION = YES;
				CLANG_WARN_INT_CONVERSION = YES;
				CLANG_WARN_NON_LITERAL_NULL_CONVERSION = YES;
				CLANG_WARN_OBJC_IMPLICIT_RETAIN_SELF = YES;
				CLANG_WARN_OBJC_LITERAL_CONVERSION = YES;
				CLANG_WARN_OBJC_ROOT_CLASS = YES_ERROR;
				CLANG_WARN_RANGE_LOOP_ANALYSIS = YES;
				CLANG_WARN_STRICT_PROTOTYPES = YES;
				CLANG_WARN_SUSPICIOUS_MOVE = YES;
				CLANG_WARN_UNGUARDED_AVAILABILITY = YES_AGGRESSIVE;
				CLANG_WARN_UNREACHABLE_CODE = YES;
				CLANG_WARN__DUPLICATE_METHOD_MATCH = YES;
				COPY_PHASE_STRIP = NO;
				DEBUG_INFORMATION_FORMAT = dwarf;
				ENABLE_STRICT_OBJC_MSGSEND = YES;
				ENABLE_TESTABILITY = YES;
				GCC_C_LANGUAGE_STANDARD = gnu11;
				GCC_DYNAMIC_NO_PIC = NO;
				GCC_NO_COMMON_BLOCKS = YES;
				GCC_OPTIMIZATION_LEVEL = 0;
				GCC_PREPROCESSOR_DEFINITIONS = (
					"DEBUG=1",
					"$(inherited)",
				);
				GCC_WARN_64_TO_32_BIT_CONVERSION = YES;
				GCC_WARN_ABOUT_RETURN_TYPE = YES_ERROR;
				GCC_WARN_UNDECLARED_SELECTOR = YES;
				GCC_WARN_UNINITIALIZED_AUTOS = YES_AGGRESSIVE;
				GCC_WARN_UNUSED_FUNCTION = YES;
				GCC_WARN_UNUSED_VARIABLE = YES;
				IPHONEOS_DEPLOYMENT_TARGET = 13.2;
				MTL_ENABLE_DEBUG_INFO = INCLUDE_SOURCE;
				MTL_FAST_MATH = YES;
				ONLY_ACTIVE_ARCH = YES;
				SDKROOT = iphoneos;
				SWIFT_ACTIVE_COMPILATION_CONDITIONS = DEBUG;
				SWIFT_OPTIMIZATION_LEVEL = "-Onone";
			};
			name = Debug;
		};
		9EC6D07C238D6F7C00E69F68 /* Release */ = {
			isa = XCBuildConfiguration;
			buildSettings = {
				ALWAYS_SEARCH_USER_PATHS = NO;
				CLANG_ANALYZER_NONNULL = YES;
				CLANG_ANALYZER_NUMBER_OBJECT_CONVERSION = YES_AGGRESSIVE;
				CLANG_CXX_LANGUAGE_STANDARD = "gnu++14";
				CLANG_CXX_LIBRARY = "libc++";
				CLANG_ENABLE_MODULES = YES;
				CLANG_ENABLE_OBJC_ARC = YES;
				CLANG_ENABLE_OBJC_WEAK = YES;
				CLANG_WARN_BLOCK_CAPTURE_AUTORELEASING = YES;
				CLANG_WARN_BOOL_CONVERSION = YES;
				CLANG_WARN_COMMA = YES;
				CLANG_WARN_CONSTANT_CONVERSION = YES;
				CLANG_WARN_DEPRECATED_OBJC_IMPLEMENTATIONS = YES;
				CLANG_WARN_DIRECT_OBJC_ISA_USAGE = YES_ERROR;
				CLANG_WARN_DOCUMENTATION_COMMENTS = YES;
				CLANG_WARN_EMPTY_BODY = YES;
				CLANG_WARN_ENUM_CONVERSION = YES;
				CLANG_WARN_INFINITE_RECURSION = YES;
				CLANG_WARN_INT_CONVERSION = YES;
				CLANG_WARN_NON_LITERAL_NULL_CONVERSION = YES;
				CLANG_WARN_OBJC_IMPLICIT_RETAIN_SELF = YES;
				CLANG_WARN_OBJC_LITERAL_CONVERSION = YES;
				CLANG_WARN_OBJC_ROOT_CLASS = YES_ERROR;
				CLANG_WARN_RANGE_LOOP_ANALYSIS = YES;
				CLANG_WARN_STRICT_PROTOTYPES = YES;
				CLANG_WARN_SUSPICIOUS_MOVE = YES;
				CLANG_WARN_UNGUARDED_AVAILABILITY = YES_AGGRESSIVE;
				CLANG_WARN_UNREACHABLE_CODE = YES;
				CLANG_WARN__DUPLICATE_METHOD_MATCH = YES;
				COPY_PHASE_STRIP = NO;
				DEBUG_INFORMATION_FORMAT = "dwarf-with-dsym";
				ENABLE_NS_ASSERTIONS = NO;
				ENABLE_STRICT_OBJC_MSGSEND = YES;
				GCC_C_LANGUAGE_STANDARD = gnu11;
				GCC_NO_COMMON_BLOCKS = YES;
				GCC_WARN_64_TO_32_BIT_CONVERSION = YES;
				GCC_WARN_ABOUT_RETURN_TYPE = YES_ERROR;
				GCC_WARN_UNDECLARED_SELECTOR = YES;
				GCC_WARN_UNINITIALIZED_AUTOS = YES_AGGRESSIVE;
				GCC_WARN_UNUSED_FUNCTION = YES;
				GCC_WARN_UNUSED_VARIABLE = YES;
				IPHONEOS_DEPLOYMENT_TARGET = 13.2;
				MTL_ENABLE_DEBUG_INFO = NO;
				MTL_FAST_MATH = YES;
				SDKROOT = iphoneos;
				SWIFT_COMPILATION_MODE = wholemodule;
				SWIFT_OPTIMIZATION_LEVEL = "-O";
				VALIDATE_PRODUCT = YES;
			};
			name = Release;
		};
		9EC6D07E238D6F7C00E69F68 /* Debug */ = {
			isa = XCBuildConfiguration;
			buildSettings = {
				ASSETCATALOG_COMPILER_APPICON_NAME = AppIcon;
				CODE_SIGN_STYLE = Automatic;
				CURRENT_PROJECT_VERSION = 2308;
				DEVELOPMENT_ASSET_PATHS = "\"Spork_13_004/Preview Content\"";
				DEVELOPMENT_TEAM = G3S2RG9ZZK;
				ENABLE_PREVIEWS = YES;
				INFOPLIST_FILE = Spork_13_004/Info.plist;
				LD_RUNPATH_SEARCH_PATHS = (
					"$(inherited)",
					"@executable_path/Frameworks",
				);
				MARKETING_VERSION = 2019.0.1;
				PRODUCT_BUNDLE_IDENTIFIER = "com.roguespork.Spork-13-004";
				PRODUCT_NAME = EventLogger;
				SWIFT_VERSION = 5.0;
				TARGETED_DEVICE_FAMILY = "1,2";
				VERSIONING_SYSTEM = "apple-generic";
			};
			name = Debug;
		};
		9EC6D07F238D6F7C00E69F68 /* Release */ = {
			isa = XCBuildConfiguration;
			buildSettings = {
				ASSETCATALOG_COMPILER_APPICON_NAME = AppIcon;
				CODE_SIGN_STYLE = Automatic;
				CURRENT_PROJECT_VERSION = 2308;
				DEVELOPMENT_ASSET_PATHS = "\"Spork_13_004/Preview Content\"";
				DEVELOPMENT_TEAM = G3S2RG9ZZK;
				ENABLE_PREVIEWS = YES;
				INFOPLIST_FILE = Spork_13_004/Info.plist;
				LD_RUNPATH_SEARCH_PATHS = (
					"$(inherited)",
					"@executable_path/Frameworks",
				);
				MARKETING_VERSION = 2019.0.1;
				PRODUCT_BUNDLE_IDENTIFIER = "com.roguespork.Spork-13-004";
				PRODUCT_NAME = EventLogger;
				SWIFT_VERSION = 5.0;
				TARGETED_DEVICE_FAMILY = "1,2";
				VERSIONING_SYSTEM = "apple-generic";
			};
			name = Release;
		};
/* End XCBuildConfiguration section */

/* Begin XCConfigurationList section */
		9EC6D061238D6F7A00E69F68 /* Build configuration list for PBXProject "Spork_13_004" */ = {
			isa = XCConfigurationList;
			buildConfigurations = (
				9EC6D07B238D6F7C00E69F68 /* Debug */,
				9EC6D07C238D6F7C00E69F68 /* Release */,
			);
			defaultConfigurationIsVisible = 0;
			defaultConfigurationName = Release;
		};
		9EC6D07D238D6F7C00E69F68 /* Build configuration list for PBXNativeTarget "Spork_13_004" */ = {
			isa = XCConfigurationList;
			buildConfigurations = (
				9EC6D07E238D6F7C00E69F68 /* Debug */,
				9EC6D07F238D6F7C00E69F68 /* Release */,
			);
			defaultConfigurationIsVisible = 0;
			defaultConfigurationName = Release;
		};
/* End XCConfigurationList section */

/* Begin XCVersionGroup section */
		9EC6D06D238D6F7A00E69F68 /* Spork_13_004.xcdatamodeld */ = {
			isa = XCVersionGroup;
			children = (
				9EC6D06E238D6F7A00E69F68 /* Spork_13_004.xcdatamodel */,
			);
			currentVersion = 9EC6D06E238D6F7A00E69F68 /* Spork_13_004.xcdatamodel */;
			path = Spork_13_004.xcdatamodeld;
			sourceTree = "<group>";
			versionGroupType = wrapper.xcdatamodel;
		};
/* End XCVersionGroup section */
	};
	rootObject = 9EC6D05E238D6F7A00E69F68 /* Project object */;
}
